
Microsoft Visual Studio Solution File, Format Version 12.00
# Visual Studio Version 16
VisualStudioVersion = 16.0.32428.217
MinimumVisualStudioVersion = 10.0.40219.1
Project("{FAE04EC0-301F-11D3-BF4B-00C04F79EFBC}") = "ConsoleApp1", "ConsoleApp1\ConsoleApp1.csproj", "{06DD76A1-934D-4D47-AD61-8377B4E4465A}"
EndProject
Global
	GlobalSection(SolutionConfigurationPlatforms) = preSolution
		Debug|Any CPU = Debug|Any CPU
		Release|Any CPU = Release|Any CPU
	EndGlobalSection
	GlobalSection(ProjectConfigurationPlatforms) = postSolution
		{06DD76A1-934D-4D47-AD61-8377B4E4465A}.Debug|Any CPU.ActiveCfg = Debug|Any CPU
		{06DD76A1-934D-4D47-AD61-8377B4E4465A}.Debug|Any CPU.Build.0 = Debug|Any CPU
		{06DD76A1-934D-4D47-AD61-8377B4E4465A}.Release|Any CPU.ActiveCfg = Release|Any CPU
		{06DD76A1-934D-4D47-AD61-8377B4E4465A}.Release|Any CPU.Build.0 = Release|Any CPU
	EndGlobalSection
	GlobalSection(SolutionProperties) = preSolution
		HideSolutionNode = FALSE
	EndGlobalSection
	GlobalSection(ExtensibilityGlobals) = postSolution
		SolutionGuid = {94EA2FC8-EC0F-4872-B61F-5CE43A686BF7}
	EndGlobalSection
EndGlobal
